// !$*UTF8*$!
{
	archiveVersion = 1;
	classes = {
	};
	objectVersion = 77;
	objects = {

/* Begin PBXContainerItemProxy section */
		57220D282F8AC7150011DE82 /* PBXContainerItemProxy */ = {
			isa = PBXContainerItemProxy;
			containerPortal = 57220D112F8AC7140011DE82 /* Project object */;
			proxyType = 1;
			remoteGlobalIDString = 57220D182F8AC7140011DE82;
			remoteInfo = Otium;
		};
		57220D322F8AC7150011DE82 /* PBXContainerItemProxy */ = {
			isa = PBXContainerItemProxy;
			containerPortal = 57220D112F8AC7140011DE82 /* Project object */;
			proxyType = 1;
			remoteGlobalIDString = 57220D182F8AC7140011DE82;
			remoteInfo = Otium;
		};
/* End PBXContainerItemProxy section */

/* Begin PBXFileReference section */
		57220D192F8AC7140011DE82 /* Otium.app */ = {isa = PBXFileReference; explicitFileType = wrapper.application; includeInIndex = 0; path = Otium.app; sourceTree = BUILT_PRODUCTS_DIR; };
		57220D272F8AC7150011DE82 /* OtiumTests.xctest */ = {isa = PBXFileReference; explicitFileType = wrapper.cfbundle; includeInIndex = 0; path = OtiumTests.xctest; sourceTree = BUILT_PRODUCTS_DIR; };
		57220D312F8AC7150011DE82 /* OtiumUITests.xctest */ = {isa = PBXFileReference; explicitFileType = wrapper.cfbundle; includeInIndex = 0; path = OtiumUITests.xctest; sourceTree = BUILT_PRODUCTS_DIR; };
/* End PBXFileReference section */

/* Begin PBXFileSystemSynchronizedBuildFileExceptionSet section */
		57220D452F8AC7B30011DE82 /* Exceptions for "Otium" folder in "Otium" target */ = {
			isa = PBXFileSystemSynchronizedBuildFileExceptionSet;
			membershipExceptions = (
				Info.plist,
			);
			target = 57220D182F8AC7140011DE82 /* Otium */;
		};
/* End PBXFileSystemSynchronizedBuildFileExceptionSet section */

/* Begin PBXFileSystemSynchronizedRootGroup section */
		57220D1B2F8AC7140011DE82 /* Otium */ = {
			isa = PBXFileSystemSynchronizedRootGroup;
			exceptions = (
				57220D452F8AC7B30011DE82 /* Exceptions for "Otium" folder in "Otium" target */,
			);
			path = Otium;
			sourceTree = "<group>";
		};
		57220D2A2F8AC7150011DE82 /* OtiumTests */ = {
			isa = PBXFileSystemSynchronizedRootGroup;
			path = OtiumTests;
			sourceTree = "<group>";
		};
		57220D342F8AC7150011DE82 /* OtiumUITests */ = {
			isa = PBXFileSystemSynchronizedRootGroup;
			path = OtiumUITests;
			sourceTree = "<group>";
		};
/* End PBXFileSystemSynchronizedRootGroup section */

/* Begin PBXFrameworksBuildPhase section */
		57220D162F8AC7140011DE82 /* Frameworks */ = {
			isa = PBXFrameworksBuildPhase;
			buildActionMask = 2147483647;
			files = (
			);
			runOnlyForDeploymentPostprocessing = 0;
		};
		57220D242F8AC7150011DE82 /* Frameworks */ = {
			isa = PBXFrameworksBuildPhase;
			buildActionMask = 2147483647;
			files = (
			);
			runOnlyForDeploymentPostprocessing = 0;
		};
		57220D2E2F8AC7150011DE82 /* Frameworks */ = {
			isa = PBXFrameworksBuildPhase;
			buildActionMask = 2147483647;
			files = (
			);
			runOnlyForDeploymentPostprocessing = 0;
		};
/* End PBXFrameworksBuildPhase section */

/* Begin PBXGroup section */
		57220D102F8AC7140011DE82 = {
			isa = PBXGroup;
			children = (
				57220D1B2F8AC7140011DE82 /* Otium */,
				57220D2A2F8AC7150011DE82 /* OtiumTests */,
				57220D342F8AC7150011DE82 /* OtiumUITests */,
				57220D1A2F8AC7140011DE82 /* Products */,
			);
			sourceTree = "<group>";
		};
		57220D1A2F8AC7140011DE82 /* Products */ = {
			isa = PBXGroup;
			children = (
				57220D192F8AC7140011DE82 /* Otium.app */,
				57220D272F8AC7150011DE82 /* OtiumTests.xctest */,
				57220D312F8AC7150011DE82 /* OtiumUITests.xctest */,
			);
			name = Products;
			sourceTree = "<group>";
		};
/* End PBXGroup section */

/* Begin PBXNativeTarget section */
		57220D182F8AC7140011DE82 /* Otium */ = {
			isa = PBXNativeTarget;
			buildConfigurationList = 57220D3B2F8AC7150011DE82 /* Build configuration list for PBXNativeTarget "Otium" */;
			buildPhases = (
				57220D152F8AC7140011DE82 /* Sources */,
				57220D162F8AC7140011DE82 /* Frameworks */,
				57220D172F8AC7140011DE82 /* Resources */,
			);
			buildRules = (
			);
			dependencies = (
			);
			fileSystemSynchronizedGroups = (
				57220D1B2F8AC7140011DE82 /* Otium */,
			);
			name = Otium;
			packageProductDependencies = (
			);
			productName = Otium;
			productReference = 57220D192F8AC7140011DE82 /* Otium.app */;
			productType = "com.apple.product-type.application";
		};
		57220D262F8AC7150011DE82 /* OtiumTests */ = {
			isa = PBXNativeTarget;
			buildConfigurationList = 57220D3E2F8AC7150011DE82 /* Build configuration list for PBXNativeTarget "OtiumTests" */;
			buildPhases = (
				57220D232F8AC7150011DE82 /* Sources */,
				57220D242F8AC7150011DE82 /* Frameworks */,
				57220D252F8AC7150011DE82 /* Resources */,
			);
			buildRules = (
			);
			dependencies = (
				57220D292F8AC7150011DE82 /* PBXTargetDependency */,
			);
			fileSystemSynchronizedGroups = (
				57220D2A2F8AC7150011DE82 /* OtiumTests */,
			);
			name = OtiumTests;
			packageProductDependencies = (
			);
			productName = OtiumTests;
			productReference = 57220D272F8AC7150011DE82 /* OtiumTests.xctest */;
			productType = "com.apple.product-type.bundle.unit-test";
		};
		57220D302F8AC7150011DE82 /* OtiumUITests */ = {
			isa = PBXNativeTarget;
			buildConfigurationList = 57220D412F8AC7150011DE82 /* Build configuration list for PBXNativeTarget "OtiumUITests" */;
			buildPhases = (
				57220D2D2F8AC7150011DE82 /* Sources */,
				57220D2E2F8AC7150011DE82 /* Frameworks */,
				57220D2F2F8AC7150011DE82 /* Resources */,
			);
			buildRules = (
			);
			dependencies = (
				57220D332F8AC7150011DE82 /* PBXTargetDependency */,
			);
			fileSystemSynchronizedGroups = (
				57220D342F8AC7150011DE82 /* OtiumUITests */,
			);
			name = OtiumUITests;
			packageProductDependencies = (
			);
			productName = OtiumUITests;
			productReference = 57220D312F8AC7150011DE82 /* OtiumUITests.xctest */;
			productType = "com.apple.product-type.bundle.ui-testing";
		};
/* End PBXNativeTarget section */

/* Begin PBXProject section */
		57220D112F8AC7140011DE82 /* Project object */ = {
			isa = PBXProject;
			attributes = {
				BuildIndependentTargetsInParallel = 1;
				LastSwiftUpdateCheck = 1640;
				LastUpgradeCheck = 1640;
				TargetAttributes = {
					57220D182F8AC7140011DE82 = {
						CreatedOnToolsVersion = 16.4;
					};
					57220D262F8AC7150011DE82 = {
						CreatedOnToolsVersion = 16.4;
						TestTargetID = 57220D182F8AC7140011DE82;
					};
					57220D302F8AC7150011DE82 = {
						CreatedOnToolsVersion = 16.4;
						TestTargetID = 57220D182F8AC7140011DE82;
					};
				};
			};
			buildConfigurationList = 57220D142F8AC7140011DE82 /* Build configuration list for PBXProject "Otium" */;
			developmentRegion = en;
			hasScannedForEncodings = 0;
			knownRegions = (
				en,
				Base,
			);
			mainGroup = 57220D102F8AC7140011DE82;
			minimizedProjectReferenceProxies = 1;
			preferredProjectObjectVersion = 77;
			productRefGroup = 57220D1A2F8AC7140011DE82 /* Products */;
			projectDirPath = "";
			projectRoot = "";
			targets = (
				57220D182F8AC7140011DE82 /* Otium */,
				57220D262F8AC7150011DE82 /* OtiumTests */,
				57220D302F8AC7150011DE82 /* OtiumUITests */,
			);
		};
/* End PBXProject section */

/* Begin PBXResourcesBuildPhase section */
		57220D172F8AC7140011DE82 /* Resources */ = {
			isa = PBXResourcesBuildPhase;
			buildActionMask = 2147483647;
			files = (
			);
			runOnlyForDeploymentPostprocessing = 0;
		};
		57220D252F8AC7150011DE82 /* Resources */ = {
			isa = PBXResourcesBuildPhase;
			buildActionMask = 2147483647;
			files = (
			);
			runOnlyForDeploymentPostprocessing = 0;
		};
		57220D2F2F8AC7150011DE82 /* Resources */ = {
			isa = PBXResourcesBuildPhase;
			buildActionMask = 2147483647;
			files = (
			);
			runOnlyForDeploymentPostprocessing = 0;
		};
/* End PBXResourcesBuildPhase section */

/* Begin PBXSourcesBuildPhase section */
		57220D152F8AC7140011DE82 /* Sources */ = {
			isa = PBXSourcesBuildPhase;
			buildActionMask = 2147483647;
			files = (
			);
			runOnlyForDeploymentPostprocessing = 0;
		};
		57220D232F8AC7150011DE82 /* Sources */ = {
			isa = PBXSourcesBuildPhase;
			buildActionMask = 2147483647;
			files = (
			);
			runOnlyForDeploymentPostprocessing = 0;
		};
		57220D2D2F8AC7150011DE82 /* Sources */ = {
			isa = PBXSourcesBuildPhase;
			buildActionMask = 2147483647;
			files = (
			);
			runOnlyForDeploymentPostprocessing = 0;
		};
/* End PBXSourcesBuildPhase section */

/* Begin PBXTargetDependency section */
		57220D292F8AC7150011DE82 /* PBXTargetDependency */ = {
			isa = PBXTargetDependency;
			target = 57220D182F8AC7140011DE82 /* Otium */;
			targetProxy = 57220D282F8AC7150011DE82 /* PBXContainerItemProxy */;
		};
		57220D332F8AC7150011DE82 /* PBXTargetDependency */ = {
			isa = PBXTargetDependency;
			target = 57220D182F8AC7140011DE82 /* Otium */;
			targetProxy = 57220D322F8AC7150011DE82 /* PBXContainerItemProxy */;
		};
/* End PBXTargetDependency section */

/* Begin XCBuildConfiguration section */
		57220D392F8AC7150011DE82 /* Debug */ = {
			isa = XCBuildConfiguration;
			buildSettings = {
				ALWAYS_SEARCH_USER_PATHS = NO;
				ASSETCATALOG_COMPILER_GENERATE_SWIFT_ASSET_SYMBOL_EXTENSIONS = YES;
				CLANG_ANALYZER_NONNULL = YES;
				CLANG_ANALYZER_NUMBER_OBJECT_CONVERSION = YES_AGGRESSIVE;
				CLANG_CXX_LANGUAGE_STANDARD = "gnu++20";
				CLANG_ENABLE_MODULES = YES;
				CLANG_ENABLE_OBJC_ARC = YES;
				CLANG_ENABLE_OBJC_WEAK = YES;
				CLANG_WARN_BLOCK_CAPTURE_AUTORELEASING = YES;
				CLANG_WARN_BOOL_CONVERSION = YES;
				CLANG_WARN_COMMA = YES;
				CLANG_WARN_CONSTANT_CONVERSION = YES;
				CLANG_WARN_DEPRECATED_OBJC_IMPLEMENTATIONS = YES;
				CLANG_WARN_DIRECT_OBJC_ISA_USAGE = YES_ERROR;
				CLANG_WARN_DOCUMENTATION_COMMENTS = YES;
				CLANG_WARN_EMPTY_BODY = YES;
				CLANG_WARN_ENUM_CONVERSION = YES;
				CLANG_WARN_INFINITE_RECURSION = YES;
				CLANG_WARN_INT_CONVERSION = YES;
				CLANG_WARN_NON_LITERAL_NULL_CONVERSION = YES;
				CLANG_WARN_OBJC_IMPLICIT_RETAIN_SELF = YES;
				CLANG_WARN_OBJC_LITERAL_CONVERSION = YES;
				CLANG_WARN_OBJC_ROOT_CLASS = YES_ERROR;
				CLANG_WARN_QUOTED_INCLUDE_IN_FRAMEWORK_HEADER = YES;
				CLANG_WARN_RANGE_LOOP_ANALYSIS = YES;
				CLANG_WARN_STRICT_PROTOTYPES = YES;
				CLANG_WARN_SUSPICIOUS_MOVE = YES;
				CLANG_WARN_UNGUARDED_AVAILABILITY = YES_AGGRESSIVE;
				CLANG_WARN_UNREACHABLE_CODE = YES;
				CLANG_WARN__DUPLICATE_METHOD_MATCH = YES;
				COPY_PHASE_STRIP = NO;
				DEBUG_INFORMATION_FORMAT = dwarf;
				ENABLE_STRICT_OBJC_MSGSEND = YES;
				ENABLE_TESTABILITY = YES;
				ENABLE_USER_SCRIPT_SANDBOXING = YES;
				GCC_C_LANGUAGE_STANDARD = gnu17;
				GCC_DYNAMIC_NO_PIC = NO;
				GCC_NO_COMMON_BLOCKS = YES;
				GCC_OPTIMIZATION_LEVEL = 0;
				GCC_PREPROCESSOR_DEFINITIONS = (
					"DEBUG=1",
					"$(inherited)",
				);
				GCC_WARN_64_TO_32_BIT_CONVERSION = YES;
				GCC_WARN_ABOUT_RETURN_TYPE = YES_ERROR;
				GCC_WARN_UNDECLARED_SELECTOR = YES;
				GCC_WARN_UNINITIALIZED_AUTOS = YES_AGGRESSIVE;
				GCC_WARN_UNUSED_FUNCTION = YES;
				GCC_WARN_UNUSED_VARIABLE = YES;
				LOCALIZATION_PREFERS_STRING_CATALOGS = YES;
				MACOSX_DEPLOYMENT_TARGET = 15.5;
				MTL_ENABLE_DEBUG_INFO = INCLUDE_SOURCE;
				MTL_FAST_MATH = YES;
				ONLY_ACTIVE_ARCH = YES;
				SDKROOT = macosx;
				SWIFT_ACTIVE_COMPILATION_CONDITIONS = "DEBUG $(inherited)";
				SWIFT_OPTIMIZATION_LEVEL = "-Onone";
			};
			name = Debug;
		};
		57220D3A2F8AC7150011DE82 /* Release */ = {
			isa = XCBuildConfiguration;
			buildSettings = {
				ALWAYS_SEARCH_USER_PATHS = NO;
				ASSETCATALOG_COMPILER_GENERATE_SWIFT_ASSET_SYMBOL_EXTENSIONS = YES;
				CLANG_ANALYZER_NONNULL = YES;
				CLANG_ANALYZER_NUMBER_OBJECT_CONVERSION = YES_AGGRESSIVE;
				CLANG_CXX_LANGUAGE_STANDARD = "gnu++20";
				CLANG_ENABLE_MODULES = YES;
				CLANG_ENABLE_OBJC_ARC = YES;
				CLANG_ENABLE_OBJC_WEAK = YES;
				CLANG_WARN_BLOCK_CAPTURE_AUTORELEASING = YES;
				CLANG_WARN_BOOL_CONVERSION = YES;
				CLANG_WARN_COMMA = YES;
				CLANG_WARN_CONSTANT_CONVERSION = YES;
				CLANG_WARN_DEPRECATED_OBJC_IMPLEMENTATIONS = YES;
				CLANG_WARN_DIRECT_OBJC_ISA_USAGE = YES_ERROR;
				CLANG_WARN_DOCUMENTATION_COMMENTS = YES;
				CLANG_WARN_EMPTY_BODY = YES;
				CLANG_WARN_ENUM_CONVERSION = YES;
				CLANG_WARN_INFINITE_RECURSION = YES;
				CLANG_WARN_INT_CONVERSION = YES;
				CLANG_WARN_NON_LITERAL_NULL_CONVERSION = YES;
				CLANG_WARN_OBJC_IMPLICIT_RETAIN_SELF = YES;
				CLANG_WARN_OBJC_LITERAL_CONVERSION = YES;
				CLANG_WARN_OBJC_ROOT_CLASS = YES_ERROR;
				CLANG_WARN_QUOTED_INCLUDE_IN_FRAMEWORK_HEADER = YES;
				CLANG_WARN_RANGE_LOOP_ANALYSIS = YES;
				CLANG_WARN_STRICT_PROTOTYPES = YES;
				CLANG_WARN_SUSPICIOUS_MOVE = YES;
				CLANG_WARN_UNGUARDED_AVAILABILITY = YES_AGGRESSIVE;
				CLANG_WARN_UNREACHABLE_CODE = YES;
				CLANG_WARN__DUPLICATE_METHOD_MATCH = YES;
				COPY_PHASE_STRIP = NO;
				DEBUG_INFORMATION_FORMAT = "dwarf-with-dsym";
				ENABLE_NS_ASSERTIONS = NO;
				ENABLE_STRICT_OBJC_MSGSEND = YES;
				ENABLE_USER_SCRIPT_SANDBOXING = YES;
				GCC_C_LANGUAGE_STANDARD = gnu17;
				GCC_NO_COMMON_BLOCKS = YES;
				GCC_WARN_64_TO_32_BIT_CONVERSION = YES;
				GCC_WARN_ABOUT_RETURN_TYPE = YES_ERROR;
				GCC_WARN_UNDECLARED_SELECTOR = YES;
				GCC_WARN_UNINITIALIZED_AUTOS = YES_AGGRESSIVE;
				GCC_WARN_UNUSED_FUNCTION = YES;
				GCC_WARN_UNUSED_VARIABLE = YES;
				LOCALIZATION_PREFERS_STRING_CATALOGS = YES;
				MACOSX_DEPLOYMENT_TARGET = 15.5;
				MTL_ENABLE_DEBUG_INFO = NO;
				MTL_FAST_MATH = YES;
				SDKROOT = macosx;
				SWIFT_COMPILATION_MODE = wholemodule;
			};
			name = Release;
		};
		57220D3C2F8AC7150011DE82 /* Debug */ = {
			isa = XCBuildConfiguration;
			buildSettings = {
				ASSETCATALOG_COMPILER_APPICON_NAME = AppIcon;
				ASSETCATALOG_COMPILER_GLOBAL_ACCENT_COLOR_NAME = AccentColor;
				CODE_SIGN_ENTITLEMENTS = Otium/Otium.entitlements;
				CODE_SIGN_STYLE = Automatic;
				COMBINE_HIDPI_IMAGES = YES;
				CURRENT_PROJECT_VERSION = 1;
				ENABLE_PREVIEWS = YES;
				GENERATE_INFOPLIST_FILE = YES;
				INFOPLIST_FILE = Otium/Info.plist;
				INFOPLIST_KEY_LSUIElement = YES;
				INFOPLIST_KEY_NSHumanReadableCopyright = "";
				LD_RUNPATH_SEARCH_PATHS = (
					"$(inherited)",
					"@executable_path/../Frameworks",
				);
				MACOSX_DEPLOYMENT_TARGET = 14.0;
				MARKETING_VERSION = 1.0;
				PRODUCT_BUNDLE_IDENTIFIER = com.samyar.Otium;
				PRODUCT_NAME = "$(TARGET_NAME)";
				REGISTER_APP_GROUPS = YES;
				SWIFT_EMIT_LOC_STRINGS = YES;
				SWIFT_VERSION = 5.0;
			};
			name = Debug;
		};
		57220D3D2F8AC7150011DE82 /* Release */ = {
			isa = XCBuildConfiguration;
			buildSettings = {
				ASSETCATALOG_COMPILER_APPICON_NAME = AppIcon;
				ASSETCATALOG_COMPILER_GLOBAL_ACCENT_COLOR_NAME = AccentColor;
				CODE_SIGN_ENTITLEMENTS = Otium/Otium.entitlements;
				CODE_SIGN_STYLE = Automatic;
				COMBINE_HIDPI_IMAGES = YES;
				CURRENT_PROJECT_VERSION = 1;
				ENABLE_PREVIEWS = YES;
				GENERATE_INFOPLIST_FILE = YES;
				INFOPLIST_FILE = Otium/Info.plist;
				INFOPLIST_KEY_LSUIElement = YES;
				INFOPLIST_KEY_NSHumanReadableCopyright = "";
				LD_RUNPATH_SEARCH_PATHS = (
					"$(inherited)",
					"@executable_path/../Frameworks",
				);
				MACOSX_DEPLOYMENT_TARGET = 14.0;
				MARKETING_VERSION = 1.0;
				PRODUCT_BUNDLE_IDENTIFIER = com.samyar.Otium;
				PRODUCT_NAME = "$(TARGET_NAME)";
				REGISTER_APP_GROUPS = YES;
				SWIFT_EMIT_LOC_STRINGS = YES;
				SWIFT_VERSION = 5.0;
			};
			name = Release;
		};
		57220D3F2F8AC7150011DE82 /* Debug */ = {
			isa = XCBuildConfiguration;
			buildSettings = {
				BUNDLE_LOADER = "$(TEST_HOST)";
				CODE_SIGN_STYLE = Automatic;
				CURRENT_PROJECT_VERSION = 1;
				GENERATE_INFOPLIST_FILE = YES;
				MACOSX_DEPLOYMENT_TARGET = 15.5;
				MARKETING_VERSION = 1.0;
				PRODUCT_BUNDLE_IDENTIFIER = com.samyar.OtiumTests;
				PRODUCT_NAME = "$(TARGET_NAME)";
				SWIFT_EMIT_LOC_STRINGS = NO;
				SWIFT_VERSION = 5.0;
				TEST_HOST = "$(BUILT_PRODUCTS_DIR)/Otium.app/$(BUNDLE_EXECUTABLE_FOLDER_PATH)/Otium";
			};
			name = Debug;
		};
		57220D402F8AC7150011DE82 /* Release */ = {
			isa = XCBuildConfiguration;
			buildSettings = {
				BUNDLE_LOADER = "$(TEST_HOST)";
				CODE_SIGN_STYLE = Automatic;
				CURRENT_PROJECT_VERSION = 1;
				GENERATE_INFOPLIST_FILE = YES;
				MACOSX_DEPLOYMENT_TARGET = 15.5;
				MARKETING_VERSION = 1.0;
				PRODUCT_BUNDLE_IDENTIFIER = com.samyar.OtiumTests;
				PRODUCT_NAME = "$(TARGET_NAME)";
				SWIFT_EMIT_LOC_STRINGS = NO;
				SWIFT_VERSION = 5.0;
				TEST_HOST = "$(BUILT_PRODUCTS_DIR)/Otium.app/$(BUNDLE_EXECUTABLE_FOLDER_PATH)/Otium";
			};
			name = Release;
		};
		57220D422F8AC7150011DE82 /* Debug */ = {
			isa = XCBuildConfiguration;
			buildSettings = {
				CODE_SIGN_STYLE = Automatic;
				CURRENT_PROJECT_VERSION = 1;
				GENERATE_INFOPLIST_FILE = YES;
				MARKETING_VERSION = 1.0;
				PRODUCT_BUNDLE_IDENTIFIER = com.samyar.OtiumUITests;
				PRODUCT_NAME = "$(TARGET_NAME)";
				SWIFT_EMIT_LOC_STRINGS = NO;
				SWIFT_VERSION = 5.0;
				TEST_TARGET_NAME = Otium;
			};
			name = Debug;
		};
		57220D432F8AC7150011DE82 /* Release */ = {
			isa = XCBuildConfiguration;
			buildSettings = {
				CODE_SIGN_STYLE = Automatic;
				CURRENT_PROJECT_VERSION = 1;
				GENERATE_INFOPLIST_FILE = YES;
				MARKETING_VERSION = 1.0;
				PRODUCT_BUNDLE_IDENTIFIER = com.samyar.OtiumUITests;
				PRODUCT_NAME = "$(TARGET_NAME)";
				SWIFT_EMIT_LOC_STRINGS = NO;
				SWIFT_VERSION = 5.0;
				TEST_TARGET_NAME = Otium;
			};
			name = Release;
		};
/* End XCBuildConfiguration section */

/* Begin XCConfigurationList section */
		57220D142F8AC7140011DE82 /* Build configuration list for PBXProject "Otium" */ = {
			isa = XCConfigurationList;
			buildConfigurations = (
				57220D392F8AC7150011DE82 /* Debug */,
				57220D3A2F8AC7150011DE82 /* Release */,
			);
			defaultConfigurationIsVisible = 0;
			defaultConfigurationName = Release;
		};
		57220D3B2F8AC7150011DE82 /* Build configuration list for PBXNativeTarget "Otium" */ = {
			isa = XCConfigurationList;
			buildConfigurations = (
				57220D3C2F8AC7150011DE82 /* Debug */,
				57220D3D2F8AC7150011DE82 /* Release */,
			);
			defaultConfigurationIsVisible = 0;
			defaultConfigurationName = Release;
		};
		57220D3E2F8AC7150011DE82 /* Build configuration list for PBXNativeTarget "OtiumTests" */ = {
			isa = XCConfigurationList;
			buildConfigurations = (
				57220D3F2F8AC7150011DE82 /* Debug */,
				57220D402F8AC7150011DE82 /* Release */,
			);
			defaultConfigurationIsVisible = 0;
			defaultConfigurationName = Release;
		};
		57220D412F8AC7150011DE82 /* Build configuration list for PBXNativeTarget "OtiumUITests" */ = {
			isa = XCConfigurationList;
			buildConfigurations = (
				57220D422F8AC7150011DE82 /* Debug */,
				57220D432F8AC7150011DE82 /* Release */,
			);
			defaultConfigurationIsVisible = 0;
			defaultConfigurationName = Release;
		};
/* End XCConfigurationList section */
	};
	rootObject = 57220D112F8AC7140011DE82 /* Project object */;
}
